// !$*UTF8*$!
{
	archiveVersion = 1;
	classes = {
	};
	objectVersion = 77;
	objects = {

/* Begin PBXBuildFile section */
		C4217B322EFC488200BEE804 /* DeviceActivity.framework in Frameworks */ = {isa = PBXBuildFile; fileRef = C4217B312EFC488200BEE804 /* DeviceActivity.framework */; };
		C4217B3A2EFC488200BEE804 /* YRepeatDeviceActivityMonitor.appex in Embed Foundation Extensions */ = {isa = PBXBuildFile; fileRef = C4217B2F2EFC488200BEE804 /* YRepeatDeviceActivityMonitor.appex */; settings = {ATTRIBUTES = (RemoveHeadersOnCopy, ); }; };
		C4217B4A2EFC4C3700BEE804 /* ManagedSettings.framework in Frameworks */ = {isa = PBXBuildFile; fileRef = C4217B492EFC4C3700BEE804 /* ManagedSettings.framework */; };
		C4217B4C2EFC4C3700BEE804 /* ManagedSettingsUI.framework in Frameworks */ = {isa = PBXBuildFile; fileRef = C4217B4B2EFC4C3700BEE804 /* ManagedSettingsUI.framework */; };
		C4217B542EFC4C3700BEE804 /* YRepeatShieldConfiguration.appex in Embed Foundation Extensions */ = {isa = PBXBuildFile; fileRef = C4217B482EFC4C3700BEE804 /* YRepeatShieldConfiguration.appex */; settings = {ATTRIBUTES = (RemoveHeadersOnCopy, ); }; };
		C4217C082EFC8F1500BEE804 /* WidgetKit.framework in Frameworks */ = {isa = PBXBuildFile; fileRef = C4217C072EFC8F1500BEE804 /* WidgetKit.framework */; };
		C4217C0A2EFC8F1500BEE804 /* SwiftUI.framework in Frameworks */ = {isa = PBXBuildFile; fileRef = C4217C092EFC8F1500BEE804 /* SwiftUI.framework */; };
		C4217C1B2EFC8F1600BEE804 /* YRepeatWidgetExtensionExtension.appex in Embed Foundation Extensions */ = {isa = PBXBuildFile; fileRef = C4217C062EFC8F1500BEE804 /* YRepeatWidgetExtensionExtension.appex */; settings = {ATTRIBUTES = (RemoveHeadersOnCopy, ); }; };
		C4217DF82EFEB58300BEE804 /* FirebaseAnalytics in Frameworks */ = {isa = PBXBuildFile; productRef = C4217DF72EFEB58300BEE804 /* FirebaseAnalytics */; };
		C4217DFA2EFEB58300BEE804 /* FirebaseAuth in Frameworks */ = {isa = PBXBuildFile; productRef = C4217DF92EFEB58300BEE804 /* FirebaseAuth */; };
		C4217DFC2EFEB58300BEE804 /* FirebaseFirestore in Frameworks */ = {isa = PBXBuildFile; productRef = C4217DFB2EFEB58300BEE804 /* FirebaseFirestore */; };
		C4A397AD2F13D028004F38C8 /* FirebaseCrashlytics in Frameworks */ = {isa = PBXBuildFile; productRef = C4A397AC2F13D028004F38C8 /* FirebaseCrashlytics */; };
		C4C7644C2EA0E474001C0166 /* Lottie in Frameworks */ = {isa = PBXBuildFile; productRef = C4C7644B2EA0E474001C0166 /* Lottie */; };
/* End PBXBuildFile section */

/* Begin PBXContainerItemProxy section */
		C4217B382EFC488200BEE804 /* PBXContainerItemProxy */ = {
			isa = PBXContainerItemProxy;
			containerPortal = C4C763D02E9FC078001C0166 /* Project object */;
			proxyType = 1;
			remoteGlobalIDString = C4217B2E2EFC488200BEE804;
			remoteInfo = YRepeatDeviceActivityMonitor;
		};
		C4217B522EFC4C3700BEE804 /* PBXContainerItemProxy */ = {
			isa = PBXContainerItemProxy;
			containerPortal = C4C763D02E9FC078001C0166 /* Project object */;
			proxyType = 1;
			remoteGlobalIDString = C4217B472EFC4C3600BEE804;
			remoteInfo = YRepeatShieldConfiguration;
		};
		C4217C192EFC8F1600BEE804 /* PBXContainerItemProxy */ = {
			isa = PBXContainerItemProxy;
			containerPortal = C4C763D02E9FC078001C0166 /* Project object */;
			proxyType = 1;
			remoteGlobalIDString = C4217C052EFC8F1500BEE804;
			remoteInfo = YRepeatWidgetExtensionExtension;
		};
/* End PBXContainerItemProxy section */

/* Begin PBXCopyFilesBuildPhase section */
		C4217B3F2EFC488200BEE804 /* Embed Foundation Extensions */ = {
			isa = PBXCopyFilesBuildPhase;
			buildActionMask = 2147483647;
			dstPath = "";
			dstSubfolderSpec = 13;
			files = (
				C4217B542EFC4C3700BEE804 /* YRepeatShieldConfiguration.appex in Embed Foundation Extensions */,
				C4217B3A2EFC488200BEE804 /* YRepeatDeviceActivityMonitor.appex in Embed Foundation Extensions */,
				C4217C1B2EFC8F1600BEE804 /* YRepeatWidgetExtensionExtension.appex in Embed Foundation Extensions */,
			);
			name = "Embed Foundation Extensions";
			runOnlyForDeploymentPostprocessing = 0;
		};
/* End PBXCopyFilesBuildPhase section */

/* Begin PBXFileReference section */
		C4217B2F2EFC488200BEE804 /* YRepeatDeviceActivityMonitor.appex */ = {isa = PBXFileReference; explicitFileType = "wrapper.app-extension"; includeInIndex = 0; path = YRepeatDeviceActivityMonitor.appex; sourceTree = BUILT_PRODUCTS_DIR; };
		C4217B312EFC488200BEE804 /* DeviceActivity.framework */ = {isa = PBXFileReference; lastKnownFileType = wrapper.framework; name = DeviceActivity.framework; path = System/Library/Frameworks/DeviceActivity.framework; sourceTree = SDKROOT; };
		C4217B482EFC4C3700BEE804 /* YRepeatShieldConfiguration.appex */ = {isa = PBXFileReference; explicitFileType = "wrapper.app-extension"; includeInIndex = 0; path = YRepeatShieldConfiguration.appex; sourceTree = BUILT_PRODUCTS_DIR; };
		C4217B492EFC4C3700BEE804 /* ManagedSettings.framework */ = {isa = PBXFileReference; lastKnownFileType = wrapper.framework; name = ManagedSettings.framework; path = System/Library/Frameworks/ManagedSettings.framework; sourceTree = SDKROOT; };
		C4217B4B2EFC4C3700BEE804 /* ManagedSettingsUI.framework */ = {isa = PBXFileReference; lastKnownFileType = wrapper.framework; name = ManagedSettingsUI.framework; path = System/Library/Frameworks/ManagedSettingsUI.framework; sourceTree = SDKROOT; };
		C4217C062EFC8F1500BEE804 /* YRepeatWidgetExtensionExtension.appex */ = {isa = PBXFileReference; explicitFileType = "wrapper.app-extension"; includeInIndex = 0; path = YRepeatWidgetExtensionExtension.appex; sourceTree = BUILT_PRODUCTS_DIR; };
		C4217C072EFC8F1500BEE804 /* WidgetKit.framework */ = {isa = PBXFileReference; lastKnownFileType = wrapper.framework; name = WidgetKit.framework; path = System/Library/Frameworks/WidgetKit.framework; sourceTree = SDKROOT; };
		C4217C092EFC8F1500BEE804 /* SwiftUI.framework */ = {isa = PBXFileReference; lastKnownFileType = wrapper.framework; name = SwiftUI.framework; path = System/Library/Frameworks/SwiftUI.framework; sourceTree = SDKROOT; };
		C4C763D82E9FC078001C0166 /* YRepeat.app */ = {isa = PBXFileReference; explicitFileType = wrapper.application; includeInIndex = 0; path = YRepeat.app; sourceTree = BUILT_PRODUCTS_DIR; };
/* End PBXFileReference section */

/* Begin PBXFileSystemSynchronizedBuildFileExceptionSet section */
		C4217B3E2EFC488200BEE804 /* Exceptions for "YRepeatDeviceActivityMonitor" folder in "YRepeatDeviceActivityMonitor" target */ = {
			isa = PBXFileSystemSynchronizedBuildFileExceptionSet;
			membershipExceptions = (
				Info.plist,
			);
			target = C4217B2E2EFC488200BEE804 /* YRepeatDeviceActivityMonitor */;
		};
		C4217B432EFC49A900BEE804 /* Exceptions for "YRepeat" folder in "YRepeatDeviceActivityMonitor" target */ = {
			isa = PBXFileSystemSynchronizedBuildFileExceptionSet;
			membershipExceptions = (
				AppBlockingSharedStorage.swift,
				"GoogleService-Info.plist",
			);
			target = C4217B2E2EFC488200BEE804 /* YRepeatDeviceActivityMonitor */;
		};
		C4217B582EFC4C3700BEE804 /* Exceptions for "YRepeatShieldConfiguration" folder in "YRepeatShieldConfiguration" target */ = {
			isa = PBXFileSystemSynchronizedBuildFileExceptionSet;
			membershipExceptions = (
				Info.plist,
			);
			target = C4217B472EFC4C3600BEE804 /* YRepeatShieldConfiguration */;
		};
		C4217B5A2EFC4C9200BEE804 /* Exceptions for "YRepeat" folder in "YRepeatShieldConfiguration" target */ = {
			isa = PBXFileSystemSynchronizedBuildFileExceptionSet;
			membershipExceptions = (
				AppBlockingSharedStorage.swift,
				"GoogleService-Info.plist",
			);
			target = C4217B472EFC4C3600BEE804 /* YRepeatShieldConfiguration */;
		};
		C4217C1F2EFC8F1600BEE804 /* Exceptions for "YRepeatWidgetExtension" folder in "YRepeatWidgetExtensionExtension" target */ = {
			isa = PBXFileSystemSynchronizedBuildFileExceptionSet;
			membershipExceptions = (
				Info.plist,
			);
			target = C4217C052EFC8F1500BEE804 /* YRepeatWidgetExtensionExtension */;
		};
		C4217C292EFC911D00BEE804 /* Exceptions for "YRepeat" folder in "YRepeatWidgetExtensionExtension" target */ = {
			isa = PBXFileSystemSynchronizedBuildFileExceptionSet;
			membershipExceptions = (
				DailyRepeatSharedData.swift,
				"GoogleService-Info.plist",
			);
			target = C4217C052EFC8F1500BEE804 /* YRepeatWidgetExtensionExtension */;
		};
		C4C763F12E9FC1EF001C0166 /* Exceptions for "YRepeat" folder in "YRepeat" target */ = {
			isa = PBXFileSystemSynchronizedBuildFileExceptionSet;
			membershipExceptions = (
				Info.plist,
			);
			target = C4C763D72E9FC078001C0166 /* YRepeat */;
		};
/* End PBXFileSystemSynchronizedBuildFileExceptionSet section */

/* Begin PBXFileSystemSynchronizedRootGroup section */
		C4217B332EFC488200BEE804 /* YRepeatDeviceActivityMonitor */ = {
			isa = PBXFileSystemSynchronizedRootGroup;
			exceptions = (
				C4217B3E2EFC488200BEE804 /* Exceptions for "YRepeatDeviceActivityMonitor" folder in "YRepeatDeviceActivityMonitor" target */,
			);
			path = YRepeatDeviceActivityMonitor;
			sourceTree = "<group>";
		};
		C4217B4D2EFC4C3700BEE804 /* YRepeatShieldConfiguration */ = {
			isa = PBXFileSystemSynchronizedRootGroup;
			exceptions = (
				C4217B582EFC4C3700BEE804 /* Exceptions for "YRepeatShieldConfiguration" folder in "YRepeatShieldConfiguration" target */,
			);
			path = YRepeatShieldConfiguration;
			sourceTree = "<group>";
		};
		C4217C0B2EFC8F1500BEE804 /* YRepeatWidgetExtension */ = {
			isa = PBXFileSystemSynchronizedRootGroup;
			exceptions = (
				C4217C1F2EFC8F1600BEE804 /* Exceptions for "YRepeatWidgetExtension" folder in "YRepeatWidgetExtensionExtension" target */,
			);
			path = YRepeatWidgetExtension;
			sourceTree = "<group>";
		};
		C4C763DA2E9FC078001C0166 /* YRepeat */ = {
			isa = PBXFileSystemSynchronizedRootGroup;
			exceptions = (
				C4C763F12E9FC1EF001C0166 /* Exceptions for "YRepeat" folder in "YRepeat" target */,
				C4217B432EFC49A900BEE804 /* Exceptions for "YRepeat" folder in "YRepeatDeviceActivityMonitor" target */,
				C4217B5A2EFC4C9200BEE804 /* Exceptions for "YRepeat" folder in "YRepeatShieldConfiguration" target */,
				C4217C292EFC911D00BEE804 /* Exceptions for "YRepeat" folder in "YRepeatWidgetExtensionExtension" target */,
			);
			path = YRepeat;
			sourceTree = "<group>";
		};
/* End PBXFileSystemSynchronizedRootGroup section */

/* Begin PBXFrameworksBuildPhase section */
		C4217B2C2EFC488200BEE804 /* Frameworks */ = {
			isa = PBXFrameworksBuildPhase;
			buildActionMask = 2147483647;
			files = (
				C4217B322EFC488200BEE804 /* DeviceActivity.framework in Frameworks */,
			);
			runOnlyForDeploymentPostprocessing = 0;
		};
		C4217B452EFC4C3600BEE804 /* Frameworks */ = {
			isa = PBXFrameworksBuildPhase;
			buildActionMask = 2147483647;
			files = (
				C4217B4A2EFC4C3700BEE804 /* ManagedSettings.framework in Frameworks */,
				C4217B4C2EFC4C3700BEE804 /* ManagedSettingsUI.framework in Frameworks */,
			);
			runOnlyForDeploymentPostprocessing = 0;
		};
		C4217C032EFC8F1500BEE804 /* Frameworks */ = {
			isa = PBXFrameworksBuildPhase;
			buildActionMask = 2147483647;
			files = (
				C4217C0A2EFC8F1500BEE804 /* SwiftUI.framework in Frameworks */,
				C4217C082EFC8F1500BEE804 /* WidgetKit.framework in Frameworks */,
			);
			runOnlyForDeploymentPostprocessing = 0;
		};
		C4C763D52E9FC078001C0166 /* Frameworks */ = {
			isa = PBXFrameworksBuildPhase;
			buildActionMask = 2147483647;
			files = (
				C4217DF82EFEB58300BEE804 /* FirebaseAnalytics in Frameworks */,
				C4217DFC2EFEB58300BEE804 /* FirebaseFirestore in Frameworks */,
				C4A397AD2F13D028004F38C8 /* FirebaseCrashlytics in Frameworks */,
				C4217DFA2EFEB58300BEE804 /* FirebaseAuth in Frameworks */,
				C4C7644C2EA0E474001C0166 /* Lottie in Frameworks */,
			);
			runOnlyForDeploymentPostprocessing = 0;
		};
/* End PBXFrameworksBuildPhase section */

/* Begin PBXGroup section */
		C4217B302EFC488200BEE804 /* Frameworks */ = {
			isa = PBXGroup;
			children = (
				C4217B312EFC488200BEE804 /* DeviceActivity.framework */,
				C4217B492EFC4C3700BEE804 /* ManagedSettings.framework */,
				C4217B4B2EFC4C3700BEE804 /* ManagedSettingsUI.framework */,
				C4217C072EFC8F1500BEE804 /* WidgetKit.framework */,
				C4217C092EFC8F1500BEE804 /* SwiftUI.framework */,
			);
			name = Frameworks;
			sourceTree = "<group>";
		};
		C4C763CF2E9FC078001C0166 = {
			isa = PBXGroup;
			children = (
				C4C763DA2E9FC078001C0166 /* YRepeat */,
				C4217B332EFC488200BEE804 /* YRepeatDeviceActivityMonitor */,
				C4217B4D2EFC4C3700BEE804 /* YRepeatShieldConfiguration */,
				C4217C0B2EFC8F1500BEE804 /* YRepeatWidgetExtension */,
				C4217B302EFC488200BEE804 /* Frameworks */,
				C4C763D92E9FC078001C0166 /* Products */,
			);
			sourceTree = "<group>";
		};
		C4C763D92E9FC078001C0166 /* Products */ = {
			isa = PBXGroup;
			children = (
				C4C763D82E9FC078001C0166 /* YRepeat.app */,
				C4217B2F2EFC488200BEE804 /* YRepeatDeviceActivityMonitor.appex */,
				C4217B482EFC4C3700BEE804 /* YRepeatShieldConfiguration.appex */,
				C4217C062EFC8F1500BEE804 /* YRepeatWidgetExtensionExtension.appex */,
			);
			name = Products;
			sourceTree = "<group>";
		};
/* End PBXGroup section */

/* Begin PBXNativeTarget section */
		C4217B2E2EFC488200BEE804 /* YRepeatDeviceActivityMonitor */ = {
			isa = PBXNativeTarget;
			buildConfigurationList = C4217B3B2EFC488200BEE804 /* Build configuration list for PBXNativeTarget "YRepeatDeviceActivityMonitor" */;
			buildPhases = (
				C4217B2B2EFC488200BEE804 /* Sources */,
				C4217B2C2EFC488200BEE804 /* Frameworks */,
				C4217B2D2EFC488200BEE804 /* Resources */,
			);
			buildRules = (
			);
			dependencies = (
			);
			fileSystemSynchronizedGroups = (
				C4217B332EFC488200BEE804 /* YRepeatDeviceActivityMonitor */,
			);
			name = YRepeatDeviceActivityMonitor;
			packageProductDependencies = (
			);
			productName = YRepeatDeviceActivityMonitor;
			productReference = C4217B2F2EFC488200BEE804 /* YRepeatDeviceActivityMonitor.appex */;
			productType = "com.apple.product-type.app-extension";
		};
		C4217B472EFC4C3600BEE804 /* YRepeatShieldConfiguration */ = {
			isa = PBXNativeTarget;
			buildConfigurationList = C4217B552EFC4C3700BEE804 /* Build configuration list for PBXNativeTarget "YRepeatShieldConfiguration" */;
			buildPhases = (
				C4217B442EFC4C3600BEE804 /* Sources */,
				C4217B452EFC4C3600BEE804 /* Frameworks */,
				C4217B462EFC4C3600BEE804 /* Resources */,
			);
			buildRules = (
			);
			dependencies = (
			);
			fileSystemSynchronizedGroups = (
				C4217B4D2EFC4C3700BEE804 /* YRepeatShieldConfiguration */,
			);
			name = YRepeatShieldConfiguration;
			packageProductDependencies = (
			);
			productName = YRepeatShieldConfiguration;
			productReference = C4217B482EFC4C3700BEE804 /* YRepeatShieldConfiguration.appex */;
			productType = "com.apple.product-type.app-extension";
		};
		C4217C052EFC8F1500BEE804 /* YRepeatWidgetExtensionExtension */ = {
			isa = PBXNativeTarget;
			buildConfigurationList = C4217C1C2EFC8F1600BEE804 /* Build configuration list for PBXNativeTarget "YRepeatWidgetExtensionExtension" */;
			buildPhases = (
				C4217C022EFC8F1500BEE804 /* Sources */,
				C4217C032EFC8F1500BEE804 /* Frameworks */,
				C4217C042EFC8F1500BEE804 /* Resources */,
			);
			buildRules = (
			);
			dependencies = (
			);
			fileSystemSynchronizedGroups = (
				C4217C0B2EFC8F1500BEE804 /* YRepeatWidgetExtension */,
			);
			name = YRepeatWidgetExtensionExtension;
			packageProductDependencies = (
			);
			productName = YRepeatWidgetExtensionExtension;
			productReference = C4217C062EFC8F1500BEE804 /* YRepeatWidgetExtensionExtension.appex */;
			productType = "com.apple.product-type.app-extension";
		};
		C4C763D72E9FC078001C0166 /* YRepeat */ = {
			isa = PBXNativeTarget;
			buildConfigurationList = C4C763E32E9FC079001C0166 /* Build configuration list for PBXNativeTarget "YRepeat" */;
			buildPhases = (
				C4C763D42E9FC078001C0166 /* Sources */,
				C4C763D52E9FC078001C0166 /* Frameworks */,
				C4C763D62E9FC078001C0166 /* Resources */,
				C4217B3F2EFC488200BEE804 /* Embed Foundation Extensions */,
				C4A397AB2F13CDD1004F38C8 /* ShellScript */,
			);
			buildRules = (
			);
			dependencies = (
				C4217B392EFC488200BEE804 /* PBXTargetDependency */,
				C4217B532EFC4C3700BEE804 /* PBXTargetDependency */,
				C4217C1A2EFC8F1600BEE804 /* PBXTargetDependency */,
			);
			fileSystemSynchronizedGroups = (
				C4C763DA2E9FC078001C0166 /* YRepeat */,
			);
			name = YRepeat;
			packageProductDependencies = (
				C4C7644B2EA0E474001C0166 /* Lottie */,
				C4217DF72EFEB58300BEE804 /* FirebaseAnalytics */,
				C4217DF92EFEB58300BEE804 /* FirebaseAuth */,
				C4217DFB2EFEB58300BEE804 /* FirebaseFirestore */,
				C4A397AC2F13D028004F38C8 /* FirebaseCrashlytics */,
			);
			productName = YRepeat;
			productReference = C4C763D82E9FC078001C0166 /* YRepeat.app */;
			productType = "com.apple.product-type.application";
		};
/* End PBXNativeTarget section */

/* Begin PBXProject section */
		C4C763D02E9FC078001C0166 /* Project object */ = {
			isa = PBXProject;
			attributes = {
				BuildIndependentTargetsInParallel = 1;
				LastSwiftUpdateCheck = 2600;
				LastUpgradeCheck = 2600;
				TargetAttributes = {
					C4217B2E2EFC488200BEE804 = {
						CreatedOnToolsVersion = 26.0.1;
					};
					C4217B472EFC4C3600BEE804 = {
						CreatedOnToolsVersion = 26.0.1;
					};
					C4217C052EFC8F1500BEE804 = {
						CreatedOnToolsVersion = 26.0.1;
					};
					C4C763D72E9FC078001C0166 = {
						CreatedOnToolsVersion = 26.0.1;
					};
				};
			};
			buildConfigurationList = C4C763D32E9FC078001C0166 /* Build configuration list for PBXProject "YRepeat" */;
			developmentRegion = en;
			hasScannedForEncodings = 0;
			knownRegions = (
				en,
				Base,
			);
			mainGroup = C4C763CF2E9FC078001C0166;
			minimizedProjectReferenceProxies = 1;
			packageReferences = (
				C4C7644A2EA0E474001C0166 /* XCRemoteSwiftPackageReference "lottie-spm" */,
				C4217DF62EFEB58300BEE804 /* XCRemoteSwiftPackageReference "firebase-ios-sdk" */,
			);
			preferredProjectObjectVersion = 77;
			productRefGroup = C4C763D92E9FC078001C0166 /* Products */;
			projectDirPath = "";
			projectRoot = "";
			targets = (
				C4C763D72E9FC078001C0166 /* YRepeat */,
				C4217B2E2EFC488200BEE804 /* YRepeatDeviceActivityMonitor */,
				C4217B472EFC4C3600BEE804 /* YRepeatShieldConfiguration */,
				C4217C052EFC8F1500BEE804 /* YRepeatWidgetExtensionExtension */,
			);
		};
/* End PBXProject section */

/* Begin PBXResourcesBuildPhase section */
		C4217B2D2EFC488200BEE804 /* Resources */ = {
			isa = PBXResourcesBuildPhase;
			buildActionMask = 2147483647;
			files = (
			);
			runOnlyForDeploymentPostprocessing = 0;
		};
		C4217B462EFC4C3600BEE804 /* Resources */ = {
			isa = PBXResourcesBuildPhase;
			buildActionMask = 2147483647;
			files = (
			);
			runOnlyForDeploymentPostprocessing = 0;
		};
		C4217C042EFC8F1500BEE804 /* Resources */ = {
			isa = PBXResourcesBuildPhase;
			buildActionMask = 2147483647;
			files = (
			);
			runOnlyForDeploymentPostprocessing = 0;
		};
		C4C763D62E9FC078001C0166 /* Resources */ = {
			isa = PBXResourcesBuildPhase;
			buildActionMask = 2147483647;
			files = (
			);
			runOnlyForDeploymentPostprocessing = 0;
		};
/* End PBXResourcesBuildPhase section */

/* Begin PBXShellScriptBuildPhase section */
		C4A397AB2F13CDD1004F38C8 /* ShellScript */ = {
			isa = PBXShellScriptBuildPhase;
			buildActionMask = 2147483647;
			files = (
			);
			inputFileListPaths = (
			);
			inputPaths = (
				"${DWARF_DSYM_FOLDER_PATH}/${DWARF_DSYM_FILE_NAME}",
				"${DWARF_DSYM_FOLDER_PATH}/${DWARF_DSYM_FILE_NAME}/Contents/Resources/DWARF/${PRODUCT_NAME}",
				"${DWARF_DSYM_FOLDER_PATH}/${DWARF_DSYM_FILE_NAME}/Contents/Info.plist",
				"$(TARGET_BUILD_DIR)/$(UNLOCALIZED_RESOURCES_FOLDER_PATH)/GoogleService-Info.plist",
				"$(TARGET_BUILD_DIR)/$(EXECUTABLE_PATH)",
			);
			outputFileListPaths = (
			);
			outputPaths = (
			);
			runOnlyForDeploymentPostprocessing = 0;
			shellPath = /bin/sh;
			shellScript = "# Type a script or drag a script file from your workspace to insert its path.\n\"${BUILD_DIR%/Build/*}/SourcePackages/checkouts/firebase-ios-sdk/Crashlytics/run\"\n";
		};
/* End PBXShellScriptBuildPhase section */

/* Begin PBXSourcesBuildPhase section */
		C4217B2B2EFC488200BEE804 /* Sources */ = {
			isa = PBXSourcesBuildPhase;
			buildActionMask = 2147483647;
			files = (
			);
			runOnlyForDeploymentPostprocessing = 0;
		};
		C4217B442EFC4C3600BEE804 /* Sources */ = {
			isa = PBXSourcesBuildPhase;
			buildActionMask = 2147483647;
			files = (
			);
			runOnlyForDeploymentPostprocessing = 0;
		};
		C4217C022EFC8F1500BEE804 /* Sources */ = {
			isa = PBXSourcesBuildPhase;
			buildActionMask = 2147483647;
			files = (
			);
			runOnlyForDeploymentPostprocessing = 0;
		};
		C4C763D42E9FC078001C0166 /* Sources */ = {
			isa = PBXSourcesBuildPhase;
			buildActionMask = 2147483647;
			files = (
			);
			runOnlyForDeploymentPostprocessing = 0;
		};
/* End PBXSourcesBuildPhase section */

/* Begin PBXTargetDependency section */
		C4217B392EFC488200BEE804 /* PBXTargetDependency */ = {
			isa = PBXTargetDependency;
			target = C4217B2E2EFC488200BEE804 /* YRepeatDeviceActivityMonitor */;
			targetProxy = C4217B382EFC488200BEE804 /* PBXContainerItemProxy */;
		};
		C4217B532EFC4C3700BEE804 /* PBXTargetDependency */ = {
			isa = PBXTargetDependency;
			target = C4217B472EFC4C3600BEE804 /* YRepeatShieldConfiguration */;
			targetProxy = C4217B522EFC4C3700BEE804 /* PBXContainerItemProxy */;
		};
		C4217C1A2EFC8F1600BEE804 /* PBXTargetDependency */ = {
			isa = PBXTargetDependency;
			target = C4217C052EFC8F1500BEE804 /* YRepeatWidgetExtensionExtension */;
			targetProxy = C4217C192EFC8F1600BEE804 /* PBXContainerItemProxy */;
		};
/* End PBXTargetDependency section */

/* Begin XCBuildConfiguration section */
		C4217B3C2EFC488200BEE804 /* Debug */ = {
			isa = XCBuildConfiguration;
			buildSettings = {
				CODE_SIGN_ENTITLEMENTS = YRepeatDeviceActivityMonitor/YRepeatDeviceActivityMonitor.entitlements;
				CODE_SIGN_IDENTITY = "Apple Development";
				CODE_SIGN_STYLE = Automatic;
				CURRENT_PROJECT_VERSION = 1;
				DEVELOPMENT_TEAM = 68V52MUP82;
				GENERATE_INFOPLIST_FILE = YES;
				INFOPLIST_FILE = YRepeatDeviceActivityMonitor/Info.plist;
				INFOPLIST_KEY_CFBundleDisplayName = YRepeatDeviceActivityMonitor;
				INFOPLIST_KEY_NSHumanReadableCopyright = "";
				LD_RUNPATH_SEARCH_PATHS = (
					"$(inherited)",
					"@executable_path/Frameworks",
					"@executable_path/../../Frameworks",
				);
				MARKETING_VERSION = 1.0;
				PRODUCT_BUNDLE_IDENTIFIER = com.nodi.ytrepeat.YRepeat.YRepeatDeviceActivityMonitor;
				PRODUCT_NAME = "$(TARGET_NAME)";
				SKIP_INSTALL = YES;
				STRING_CATALOG_GENERATE_SYMBOLS = YES;
				SWIFT_APPROACHABLE_CONCURRENCY = YES;
				SWIFT_EMIT_LOC_STRINGS = YES;
				SWIFT_UPCOMING_FEATURE_MEMBER_IMPORT_VISIBILITY = YES;
				SWIFT_VERSION = 5.0;
				TARGETED_DEVICE_FAMILY = "1,2";
			};
			name = Debug;
		};
		C4217B3D2EFC488200BEE804 /* Release */ = {
			isa = XCBuildConfiguration;
			buildSettings = {
				CODE_SIGN_ENTITLEMENTS = YRepeatDeviceActivityMonitor/YRepeatDeviceActivityMonitor.entitlements;
				CODE_SIGN_IDENTITY = "Apple Development";
				CODE_SIGN_STYLE = Automatic;
				CURRENT_PROJECT_VERSION = 1;
				DEVELOPMENT_TEAM = 68V52MUP82;
				GENERATE_INFOPLIST_FILE = YES;
				INFOPLIST_FILE = YRepeatDeviceActivityMonitor/Info.plist;
				INFOPLIST_KEY_CFBundleDisplayName = YRepeatDeviceActivityMonitor;
				INFOPLIST_KEY_NSHumanReadableCopyright = "";
				LD_RUNPATH_SEARCH_PATHS = (
					"$(inherited)",
					"@executable_path/Frameworks",
					"@executable_path/../../Frameworks",
				);
				MARKETING_VERSION = 1.0;
				PRODUCT_BUNDLE_IDENTIFIER = com.nodi.ytrepeat.YRepeat.YRepeatDeviceActivityMonitor;
				PRODUCT_NAME = "$(TARGET_NAME)";
				SKIP_INSTALL = YES;
				STRING_CATALOG_GENERATE_SYMBOLS = YES;
				SWIFT_APPROACHABLE_CONCURRENCY = YES;
				SWIFT_EMIT_LOC_STRINGS = YES;
				SWIFT_UPCOMING_FEATURE_MEMBER_IMPORT_VISIBILITY = YES;
				SWIFT_VERSION = 5.0;
				TARGETED_DEVICE_FAMILY = "1,2";
			};
			name = Release;
		};
		C4217B562EFC4C3700BEE804 /* Debug */ = {
			isa = XCBuildConfiguration;
			buildSettings = {
				CODE_SIGN_ENTITLEMENTS = YRepeatShieldConfiguration/YRepeatShieldConfiguration.entitlements;
				CODE_SIGN_IDENTITY = "Apple Development";
				CODE_SIGN_STYLE = Automatic;
				CURRENT_PROJECT_VERSION = 1;
				DEVELOPMENT_TEAM = 68V52MUP82;
				GENERATE_INFOPLIST_FILE = YES;
				INFOPLIST_FILE = YRepeatShieldConfiguration/Info.plist;
				INFOPLIST_KEY_CFBundleDisplayName = YRepeatShieldConfiguration;
				INFOPLIST_KEY_NSHumanReadableCopyright = "";
				LD_RUNPATH_SEARCH_PATHS = (
					"$(inherited)",
					"@executable_path/Frameworks",
					"@executable_path/../../Frameworks",
				);
				MARKETING_VERSION = 1.0;
				PRODUCT_BUNDLE_IDENTIFIER = com.nodi.ytrepeat.YRepeat.YRepeatShieldConfiguration;
				PRODUCT_NAME = "$(TARGET_NAME)";
				SKIP_INSTALL = YES;
				STRING_CATALOG_GENERATE_SYMBOLS = YES;
				SWIFT_APPROACHABLE_CONCURRENCY = YES;
				SWIFT_EMIT_LOC_STRINGS = YES;
				SWIFT_UPCOMING_FEATURE_MEMBER_IMPORT_VISIBILITY = YES;
				SWIFT_VERSION = 5.0;
				TARGETED_DEVICE_FAMILY = "1,2";
			};
			name = Debug;
		};
		C4217B572EFC4C3700BEE804 /* Release */ = {
			isa = XCBuildConfiguration;
			buildSettings = {
				CODE_SIGN_ENTITLEMENTS = YRepeatShieldConfiguration/YRepeatShieldConfiguration.entitlements;
				CODE_SIGN_IDENTITY = "Apple Development";
				CODE_SIGN_STYLE = Automatic;
				CURRENT_PROJECT_VERSION = 1;
				DEVELOPMENT_TEAM = 68V52MUP82;
				GENERATE_INFOPLIST_FILE = YES;
				INFOPLIST_FILE = YRepeatShieldConfiguration/Info.plist;
				INFOPLIST_KEY_CFBundleDisplayName = YRepeatShieldConfiguration;
				INFOPLIST_KEY_NSHumanReadableCopyright = "";
				LD_RUNPATH_SEARCH_PATHS = (
					"$(inherited)",
					"@executable_path/Frameworks",
					"@executable_path/../../Frameworks",
				);
				MARKETING_VERSION = 1.0;
				PRODUCT_BUNDLE_IDENTIFIER = com.nodi.ytrepeat.YRepeat.YRepeatShieldConfiguration;
				PRODUCT_NAME = "$(TARGET_NAME)";
				SKIP_INSTALL = YES;
				STRING_CATALOG_GENERATE_SYMBOLS = YES;
				SWIFT_APPROACHABLE_CONCURRENCY = YES;
				SWIFT_EMIT_LOC_STRINGS = YES;
				SWIFT_UPCOMING_FEATURE_MEMBER_IMPORT_VISIBILITY = YES;
				SWIFT_VERSION = 5.0;
				TARGETED_DEVICE_FAMILY = "1,2";
			};
			name = Release;
		};
		C4217C1D2EFC8F1600BEE804 /* Debug */ = {
			isa = XCBuildConfiguration;
			buildSettings = {
				ASSETCATALOG_COMPILER_GLOBAL_ACCENT_COLOR_NAME = AccentColor;
				ASSETCATALOG_COMPILER_WIDGET_BACKGROUND_COLOR_NAME = WidgetBackground;
				CODE_SIGN_ENTITLEMENTS = YRepeatWidgetExtension.entitlements;
				CODE_SIGN_IDENTITY = "Apple Development";
				CODE_SIGN_STYLE = Automatic;
				CURRENT_PROJECT_VERSION = 1;
				DEVELOPMENT_TEAM = 68V52MUP82;
				GENERATE_INFOPLIST_FILE = YES;
				INFOPLIST_FILE = YRepeatWidgetExtension/Info.plist;
				INFOPLIST_KEY_CFBundleDisplayName = YRepeatWidgetExtension;
				INFOPLIST_KEY_NSHumanReadableCopyright = "";
				LD_RUNPATH_SEARCH_PATHS = (
					"$(inherited)",
					"@executable_path/Frameworks",
					"@executable_path/../../Frameworks",
				);
				MARKETING_VERSION = 1.0;
				PRODUCT_BUNDLE_IDENTIFIER = com.nodi.ytrepeat.YRepeat.YRepeatWidgetExtension;
				PRODUCT_NAME = "$(TARGET_NAME)";
				SKIP_INSTALL = YES;
				STRING_CATALOG_GENERATE_SYMBOLS = YES;
				SWIFT_APPROACHABLE_CONCURRENCY = YES;
				SWIFT_EMIT_LOC_STRINGS = YES;
				SWIFT_UPCOMING_FEATURE_MEMBER_IMPORT_VISIBILITY = YES;
				SWIFT_VERSION = 5.0;
				TARGETED_DEVICE_FAMILY = "1,2";
			};
			name = Debug;
		};
		C4217C1E2EFC8F1600BEE804 /* Release */ = {
			isa = XCBuildConfiguration;
			buildSettings = {
				ASSETCATALOG_COMPILER_GLOBAL_ACCENT_COLOR_NAME = AccentColor;
				ASSETCATALOG_COMPILER_WIDGET_BACKGROUND_COLOR_NAME = WidgetBackground;
				CODE_SIGN_ENTITLEMENTS = YRepeatWidgetExtension.entitlements;
				CODE_SIGN_IDENTITY = "Apple Development";
				CODE_SIGN_STYLE = Automatic;
				CURRENT_PROJECT_VERSION = 1;
				DEVELOPMENT_TEAM = 68V52MUP82;
				GENERATE_INFOPLIST_FILE = YES;
				INFOPLIST_FILE = YRepeatWidgetExtension/Info.plist;
				INFOPLIST_KEY_CFBundleDisplayName = YRepeatWidgetExtension;
				INFOPLIST_KEY_NSHumanReadableCopyright = "";
				LD_RUNPATH_SEARCH_PATHS = (
					"$(inherited)",
					"@executable_path/Frameworks",
					"@executable_path/../../Frameworks",
				);
				MARKETING_VERSION = 1.0;
				PRODUCT_BUNDLE_IDENTIFIER = com.nodi.ytrepeat.YRepeat.YRepeatWidgetExtension;
				PRODUCT_NAME = "$(TARGET_NAME)";
				SKIP_INSTALL = YES;
				STRING_CATALOG_GENERATE_SYMBOLS = YES;
				SWIFT_APPROACHABLE_CONCURRENCY = YES;
				SWIFT_EMIT_LOC_STRINGS = YES;
				SWIFT_UPCOMING_FEATURE_MEMBER_IMPORT_VISIBILITY = YES;
				SWIFT_VERSION = 5.0;
				TARGETED_DEVICE_FAMILY = "1,2";
			};
			name = Release;
		};
		C4C763E12E9FC079001C0166 /* Debug */ = {
			isa = XCBuildConfiguration;
			buildSettings = {
				ALWAYS_SEARCH_USER_PATHS = NO;
				ASSETCATALOG_COMPILER_GENERATE_SWIFT_ASSET_SYMBOL_EXTENSIONS = YES;
				CLANG_ANALYZER_NONNULL = YES;
				CLANG_ANALYZER_NUMBER_OBJECT_CONVERSION = YES_AGGRESSIVE;
				CLANG_CXX_LANGUAGE_STANDARD = "gnu++20";
				CLANG_ENABLE_MODULES = YES;
				CLANG_ENABLE_OBJC_ARC = YES;
				CLANG_ENABLE_OBJC_WEAK = YES;
				CLANG_WARN_BLOCK_CAPTURE_AUTORELEASING = YES;
				CLANG_WARN_BOOL_CONVERSION = YES;
				CLANG_WARN_COMMA = YES;
				CLANG_WARN_CONSTANT_CONVERSION = YES;
				CLANG_WARN_DEPRECATED_OBJC_IMPLEMENTATIONS = YES;
				CLANG_WARN_DIRECT_OBJC_ISA_USAGE = YES_ERROR;
				CLANG_WARN_DOCUMENTATION_COMMENTS = YES;
				CLANG_WARN_EMPTY_BODY = YES;
				CLANG_WARN_ENUM_CONVERSION = YES;
				CLANG_WARN_INFINITE_RECURSION = YES;
				CLANG_WARN_INT_CONVERSION = YES;
				CLANG_WARN_NON_LITERAL_NULL_CONVERSION = YES;
				CLANG_WARN_OBJC_IMPLICIT_RETAIN_SELF = YES;
				CLANG_WARN_OBJC_LITERAL_CONVERSION = YES;
				CLANG_WARN_OBJC_ROOT_CLASS = YES_ERROR;
				CLANG_WARN_QUOTED_INCLUDE_IN_FRAMEWORK_HEADER = YES;
				CLANG_WARN_RANGE_LOOP_ANALYSIS = YES;
				CLANG_WARN_STRICT_PROTOTYPES = YES;
				CLANG_WARN_SUSPICIOUS_MOVE = YES;
				CLANG_WARN_UNGUARDED_AVAILABILITY = YES_AGGRESSIVE;
				CLANG_WARN_UNREACHABLE_CODE = YES;
				CLANG_WARN__DUPLICATE_METHOD_MATCH = YES;
				COPY_PHASE_STRIP = NO;
				DEBUG_INFORMATION_FORMAT = dwarf;
				DEVELOPMENT_TEAM = 68V52MUP82;
				ENABLE_STRICT_OBJC_MSGSEND = YES;
				ENABLE_TESTABILITY = YES;
				ENABLE_USER_SCRIPT_SANDBOXING = YES;
				GCC_C_LANGUAGE_STANDARD = gnu17;
				GCC_DYNAMIC_NO_PIC = NO;
				GCC_NO_COMMON_BLOCKS = YES;
				GCC_OPTIMIZATION_LEVEL = 0;
				GCC_PREPROCESSOR_DEFINITIONS = (
					"DEBUG=1",
					"$(inherited)",
				);
				GCC_WARN_64_TO_32_BIT_CONVERSION = YES;
				GCC_WARN_ABOUT_RETURN_TYPE = YES_ERROR;
				GCC_WARN_UNDECLARED_SELECTOR = YES;
				GCC_WARN_UNINITIALIZED_AUTOS = YES_AGGRESSIVE;
				GCC_WARN_UNUSED_FUNCTION = YES;
				GCC_WARN_UNUSED_VARIABLE = YES;
				IPHONEOS_DEPLOYMENT_TARGET = 26.0;
				LOCALIZATION_PREFERS_STRING_CATALOGS = YES;
				MTL_ENABLE_DEBUG_INFO = INCLUDE_SOURCE;
				MTL_FAST_MATH = YES;
				ONLY_ACTIVE_ARCH = YES;
				SDKROOT = iphoneos;
				SWIFT_ACTIVE_COMPILATION_CONDITIONS = "DEBUG $(inherited)";
				SWIFT_OPTIMIZATION_LEVEL = "-Onone";
			};
			name = Debug;
		};
		C4C763E22E9FC079001C0166 /* Release */ = {
			isa = XCBuildConfiguration;
			buildSettings = {
				ALWAYS_SEARCH_USER_PATHS = NO;
				ASSETCATALOG_COMPILER_GENERATE_SWIFT_ASSET_SYMBOL_EXTENSIONS = YES;
				CLANG_ANALYZER_NONNULL = YES;
				CLANG_ANALYZER_NUMBER_OBJECT_CONVERSION = YES_AGGRESSIVE;
				CLANG_CXX_LANGUAGE_STANDARD = "gnu++20";
				CLANG_ENABLE_MODULES = YES;
				CLANG_ENABLE_OBJC_ARC = YES;
				CLANG_ENABLE_OBJC_WEAK = YES;
				CLANG_WARN_BLOCK_CAPTURE_AUTORELEASING = YES;
				CLANG_WARN_BOOL_CONVERSION = YES;
				CLANG_WARN_COMMA = YES;
				CLANG_WARN_CONSTANT_CONVERSION = YES;
				CLANG_WARN_DEPRECATED_OBJC_IMPLEMENTATIONS = YES;
				CLANG_WARN_DIRECT_OBJC_ISA_USAGE = YES_ERROR;
				CLANG_WARN_DOCUMENTATION_COMMENTS = YES;
				CLANG_WARN_EMPTY_BODY = YES;
				CLANG_WARN_ENUM_CONVERSION = YES;
				CLANG_WARN_INFINITE_RECURSION = YES;
				CLANG_WARN_INT_CONVERSION = YES;
				CLANG_WARN_NON_LITERAL_NULL_CONVERSION = YES;
				CLANG_WARN_OBJC_IMPLICIT_RETAIN_SELF = YES;
				CLANG_WARN_OBJC_LITERAL_CONVERSION = YES;
				CLANG_WARN_OBJC_ROOT_CLASS = YES_ERROR;
				CLANG_WARN_QUOTED_INCLUDE_IN_FRAMEWORK_HEADER = YES;
				CLANG_WARN_RANGE_LOOP_ANALYSIS = YES;
				CLANG_WARN_STRICT_PROTOTYPES = YES;
				CLANG_WARN_SUSPICIOUS_MOVE = YES;
				CLANG_WARN_UNGUARDED_AVAILABILITY = YES_AGGRESSIVE;
				CLANG_WARN_UNREACHABLE_CODE = YES;
				CLANG_WARN__DUPLICATE_METHOD_MATCH = YES;
				COPY_PHASE_STRIP = NO;
				DEBUG_INFORMATION_FORMAT = "dwarf-with-dsym";
				DEVELOPMENT_TEAM = 68V52MUP82;
				ENABLE_NS_ASSERTIONS = NO;
				ENABLE_STRICT_OBJC_MSGSEND = YES;
				ENABLE_USER_SCRIPT_SANDBOXING = YES;
				GCC_C_LANGUAGE_STANDARD = gnu17;
				GCC_NO_COMMON_BLOCKS = YES;
				GCC_WARN_64_TO_32_BIT_CONVERSION = YES;
				GCC_WARN_ABOUT_RETURN_TYPE = YES_ERROR;
				GCC_WARN_UNDECLARED_SELECTOR = YES;
				GCC_WARN_UNINITIALIZED_AUTOS = YES_AGGRESSIVE;
				GCC_WARN_UNUSED_FUNCTION = YES;
				GCC_WARN_UNUSED_VARIABLE = YES;
				IPHONEOS_DEPLOYMENT_TARGET = 26.0;
				LOCALIZATION_PREFERS_STRING_CATALOGS = YES;
				MTL_ENABLE_DEBUG_INFO = NO;
				MTL_FAST_MATH = YES;
				SDKROOT = iphoneos;
				SWIFT_COMPILATION_MODE = wholemodule;
				VALIDATE_PRODUCT = YES;
			};
			name = Release;
		};
		C4C763E42E9FC079001C0166 /* Debug */ = {
			isa = XCBuildConfiguration;
			buildSettings = {
				ASSETCATALOG_COMPILER_APPICON_NAME = AppIcon;
				ASSETCATALOG_COMPILER_GLOBAL_ACCENT_COLOR_NAME = AccentColor;
				CODE_SIGN_ENTITLEMENTS = YRepeat/YRepeat.entitlements;
				CODE_SIGN_IDENTITY = "Apple Development";
				CODE_SIGN_STYLE = Automatic;
				CURRENT_PROJECT_VERSION = 1;
				DEBUG_INFORMATION_FORMAT = "dwarf-with-dsym";
				DEVELOPMENT_TEAM = 68V52MUP82;
				ENABLE_PREVIEWS = YES;
				GENERATE_INFOPLIST_FILE = YES;
				INFOPLIST_FILE = YRepeat/Info.plist;
				INFOPLIST_KEY_CFBundleDisplayName = Repetitio;
				INFOPLIST_KEY_ITSAppUsesNonExemptEncryption = NO;
				INFOPLIST_KEY_NSHealthShareUsageDescription = "We need access to read your fasting data from Health app";
				INFOPLIST_KEY_NSHealthUpdateUsageDescription = "We need permission to save your fasting sessions to Health app";
				INFOPLIST_KEY_UIApplicationSceneManifest_Generation = YES;
				INFOPLIST_KEY_UIApplicationSupportsIndirectInputEvents = YES;
				INFOPLIST_KEY_UILaunchScreen_Generation = YES;
				INFOPLIST_KEY_UISupportedInterfaceOrientations = UIInterfaceOrientationPortrait;
				IPHONEOS_DEPLOYMENT_TARGET = 18.6;
				LD_RUNPATH_SEARCH_PATHS = (
					"$(inherited)",
					"@executable_path/Frameworks",
				);
				MARKETING_VERSION = 1.0;
				PRODUCT_BUNDLE_IDENTIFIER = com.nodi.ytrepeat.YRepeat;
				PRODUCT_NAME = "$(TARGET_NAME)";
				PROVISIONING_PROFILE_SPECIFIER = "";
				STRING_CATALOG_GENERATE_SYMBOLS = YES;
				SUPPORTED_PLATFORMS = "iphoneos iphonesimulator";
				SUPPORTS_MACCATALYST = NO;
				SUPPORTS_MAC_DESIGNED_FOR_IPHONE_IPAD = NO;
				SUPPORTS_XR_DESIGNED_FOR_IPHONE_IPAD = NO;
				SWIFT_APPROACHABLE_CONCURRENCY = YES;
				SWIFT_DEFAULT_ACTOR_ISOLATION = MainActor;
				SWIFT_EMIT_LOC_STRINGS = YES;
				SWIFT_UPCOMING_FEATURE_MEMBER_IMPORT_VISIBILITY = YES;
				SWIFT_VERSION = 5.0;
				TARGETED_DEVICE_FAMILY = 1;
			};
			name = Debug;
		};
		C4C763E52E9FC079001C0166 /* Release */ = {
			isa = XCBuildConfiguration;
			buildSettings = {
				ASSETCATALOG_COMPILER_APPICON_NAME = AppIcon;
				ASSETCATALOG_COMPILER_GLOBAL_ACCENT_COLOR_NAME = AccentColor;
				CODE_SIGN_ENTITLEMENTS = YRepeat/YRepeat.entitlements;
				CODE_SIGN_IDENTITY = "Apple Development";
				CODE_SIGN_STYLE = Automatic;
				CURRENT_PROJECT_VERSION = 1;
				DEVELOPMENT_TEAM = 68V52MUP82;
				ENABLE_PREVIEWS = YES;
				GENERATE_INFOPLIST_FILE = YES;
				INFOPLIST_FILE = YRepeat/Info.plist;
				INFOPLIST_KEY_CFBundleDisplayName = Repetitio;
				INFOPLIST_KEY_ITSAppUsesNonExemptEncryption = NO;
				INFOPLIST_KEY_NSHealthShareUsageDescription = "We need access to read your fasting data from Health app";
				INFOPLIST_KEY_NSHealthUpdateUsageDescription = "We need permission to save your fasting sessions to Health app";
				INFOPLIST_KEY_UIApplicationSceneManifest_Generation = YES;
				INFOPLIST_KEY_UIApplicationSupportsIndirectInputEvents = YES;
				INFOPLIST_KEY_UILaunchScreen_Generation = YES;
				INFOPLIST_KEY_UISupportedInterfaceOrientations = UIInterfaceOrientationPortrait;
				IPHONEOS_DEPLOYMENT_TARGET = 18.6;
				LD_RUNPATH_SEARCH_PATHS = (
					"$(inherited)",
					"@executable_path/Frameworks",
				);
				MARKETING_VERSION = 1.0;
				PRODUCT_BUNDLE_IDENTIFIER = com.nodi.ytrepeat.YRepeat;
				PRODUCT_NAME = "$(TARGET_NAME)";
				PROVISIONING_PROFILE_SPECIFIER = "";
				STRING_CATALOG_GENERATE_SYMBOLS = YES;
				SUPPORTED_PLATFORMS = "iphoneos iphonesimulator";
				SUPPORTS_MACCATALYST = NO;
				SUPPORTS_MAC_DESIGNED_FOR_IPHONE_IPAD = NO;
				SUPPORTS_XR_DESIGNED_FOR_IPHONE_IPAD = NO;
				SWIFT_APPROACHABLE_CONCURRENCY = YES;
				SWIFT_DEFAULT_ACTOR_ISOLATION = MainActor;
				SWIFT_EMIT_LOC_STRINGS = YES;
				SWIFT_UPCOMING_FEATURE_MEMBER_IMPORT_VISIBILITY = YES;
				SWIFT_VERSION = 5.0;
				TARGETED_DEVICE_FAMILY = 1;
			};
			name = Release;
		};
/* End XCBuildConfiguration section */

/* Begin XCConfigurationList section */
		C4217B3B2EFC488200BEE804 /* Build configuration list for PBXNativeTarget "YRepeatDeviceActivityMonitor" */ = {
			isa = XCConfigurationList;
			buildConfigurations = (
				C4217B3C2EFC488200BEE804 /* Debug */,
				C4217B3D2EFC488200BEE804 /* Release */,
			);
			defaultConfigurationIsVisible = 0;
			defaultConfigurationName = Release;
		};
		C4217B552EFC4C3700BEE804 /* Build configuration list for PBXNativeTarget "YRepeatShieldConfiguration" */ = {
			isa = XCConfigurationList;
			buildConfigurations = (
				C4217B562EFC4C3700BEE804 /* Debug */,
				C4217B572EFC4C3700BEE804 /* Release */,
			);
			defaultConfigurationIsVisible = 0;
			defaultConfigurationName = Release;
		};
		C4217C1C2EFC8F1600BEE804 /* Build configuration list for PBXNativeTarget "YRepeatWidgetExtensionExtension" */ = {
			isa = XCConfigurationList;
			buildConfigurations = (
				C4217C1D2EFC8F1600BEE804 /* Debug */,
				C4217C1E2EFC8F1600BEE804 /* Release */,
			);
			defaultConfigurationIsVisible = 0;
			defaultConfigurationName = Release;
		};
		C4C763D32E9FC078001C0166 /* Build configuration list for PBXProject "YRepeat" */ = {
			isa = XCConfigurationList;
			buildConfigurations = (
				C4C763E12E9FC079001C0166 /* Debug */,
				C4C763E22E9FC079001C0166 /* Release */,
			);
			defaultConfigurationIsVisible = 0;
			defaultConfigurationName = Release;
		};
		C4C763E32E9FC079001C0166 /* Build configuration list for PBXNativeTarget "YRepeat" */ = {
			isa = XCConfigurationList;
			buildConfigurations = (
				C4C763E42E9FC079001C0166 /* Debug */,
				C4C763E52E9FC079001C0166 /* Release */,
			);
			defaultConfigurationIsVisible = 0;
			defaultConfigurationName = Release;
		};
/* End XCConfigurationList section */

/* Begin XCRemoteSwiftPackageReference section */
		C4217DF62EFEB58300BEE804 /* XCRemoteSwiftPackageReference "firebase-ios-sdk" */ = {
			isa = XCRemoteSwiftPackageReference;
			repositoryURL = "https://github.com/firebase/firebase-ios-sdk";
			requirement = {
				kind = upToNextMajorVersion;
				minimumVersion = 12.7.0;
			};
		};
		C4C7644A2EA0E474001C0166 /* XCRemoteSwiftPackageReference "lottie-spm" */ = {
			isa = XCRemoteSwiftPackageReference;
			repositoryURL = "https://github.com/airbnb/lottie-spm.git";
			requirement = {
				kind = upToNextMajorVersion;
				minimumVersion = 4.5.2;
			};
		};
/* End XCRemoteSwiftPackageReference section */

/* Begin XCSwiftPackageProductDependency section */
		C4217DF72EFEB58300BEE804 /* FirebaseAnalytics */ = {
			isa = XCSwiftPackageProductDependency;
			package = C4217DF62EFEB58300BEE804 /* XCRemoteSwiftPackageReference "firebase-ios-sdk" */;
			productName = FirebaseAnalytics;
		};
		C4217DF92EFEB58300BEE804 /* FirebaseAuth */ = {
			isa = XCSwiftPackageProductDependency;
			package = C4217DF62EFEB58300BEE804 /* XCRemoteSwiftPackageReference "firebase-ios-sdk" */;
			productName = FirebaseAuth;
		};
		C4217DFB2EFEB58300BEE804 /* FirebaseFirestore */ = {
			isa = XCSwiftPackageProductDependency;
			package = C4217DF62EFEB58300BEE804 /* XCRemoteSwiftPackageReference "firebase-ios-sdk" */;
			productName = FirebaseFirestore;
		};
		C4A397AC2F13D028004F38C8 /* FirebaseCrashlytics */ = {
			isa = XCSwiftPackageProductDependency;
			productName = FirebaseCrashlytics;
		};
		C4C7644B2EA0E474001C0166 /* Lottie */ = {
			isa = XCSwiftPackageProductDependency;
			package = C4C7644A2EA0E474001C0166 /* XCRemoteSwiftPackageReference "lottie-spm" */;
			productName = Lottie;
		};
/* End XCSwiftPackageProductDependency section */
	};
	rootObject = C4C763D02E9FC078001C0166 /* Project object */;
}
